
Microsoft Visual Studio Solution File, Format Version 12.00
# Visual Studio Version 16
VisualStudioVersion = 16.0.31911.196
MinimumVisualStudioVersion = 10.0.40219.1
Project("{FAE04EC0-301F-11D3-BF4B-00C04F79EFBC}") = "Sprint1", "Sprint1\Sprint1.csproj", "{AE49E6E6-2B13-4433-B4B4-9C019B6820D3}"
EndProject
Global
	GlobalSection(SolutionConfigurationPlatforms) = preSolution
		Debug|Any CPU = Debug|Any CPU
		Release|Any CPU = Release|Any CPU
	EndGlobalSection
	GlobalSection(ProjectConfigurationPlatforms) = postSolution
		{AE49E6E6-2B13-4433-B4B4-9C019B6820D3}.Debug|Any CPU.ActiveCfg = Debug|Any CPU
		{AE49E6E6-2B13-4433-B4B4-9C019B6820D3}.Debug|Any CPU.Build.0 = Debug|Any CPU
		{AE49E6E6-2B13-4433-B4B4-9C019B6820D3}.Release|Any CPU.ActiveCfg = Release|Any CPU
		{AE49E6E6-2B13-4433-B4B4-9C019B6820D3}.Release|Any CPU.Build.0 = Release|Any CPU
	EndGlobalSection
	GlobalSection(SolutionProperties) = preSolution
		HideSolutionNode = FALSE
	EndGlobalSection
	GlobalSection(ExtensibilityGlobals) = postSolution
		SolutionGuid = {5F4C7D2F-FBEF-4164-97D3-80FD65659A47}
	EndGlobalSection
EndGlobal
